# This file was autogenerated by Stack.
# You should not edit this file by hand.
# For more information, please see the documentation at:
#   https://docs.haskellstack.org/en/stable/lock_files

packages:
- completed:
    size: 551192
    url: https://github.com/AccelerateHS/accelerate/archive/14c43a318ffa280fc6234eb549d69a4c6838fa3d.zip
    cabal-file:
      size: 20134
      sha256: e32ebaecb198b5f00b58c2775bbf5875110152a40f982bd5bfd58251dee0c6ba
    name: accelerate
    version: 1.4.0.0
    sha256: 379b0749ec025393bc12851b7ec3ae9a4265fe87d4539c4754e8d70814662627
    pantry-tree:
      size: 13470
      sha256: a4645f9c639b0b114e5cb590b4e6bf4261a5b003015ec53cbd54fa60ca25d50a
  original:
    url: https://github.com/AccelerateHS/accelerate/archive/14c43a318ffa280fc6234eb549d69a4c6838fa3d.zip
- completed:
    size: 438090
    subdir: accelerate-llvm
    url: https://github.com/AccelerateHS/accelerate-llvm/archive/0f92cd6ad324f87378bffbb9b74bbd0722cee417.zip
    cabal-file:
      size: 5984
      sha256: af70a47d458a7310f2025993b1dc8a52d58d816f7915c74e4c24ba8a673e6de0
    name: accelerate-llvm
    version: 1.4.0.0
    sha256: 4eed66b4214091f654b05fff8c49ae4d48a2e0e13b8ecaaa7cfe16233346423d
    pantry-tree:
      size: 5450
      sha256: 779c84478277fa0b24c20d206df8061c5c2a2c4383daec2da7f4a68b827424b2
  original:
    subdir: accelerate-llvm
    url: https://github.com/AccelerateHS/accelerate-llvm/archive/0f92cd6ad324f87378bffbb9b74bbd0722cee417.zip
- completed:
    size: 438090
    subdir: accelerate-llvm-native
    url: https://github.com/AccelerateHS/accelerate-llvm/archive/0f92cd6ad324f87378bffbb9b74bbd0722cee417.zip
    cabal-file:
      size: 6318
      sha256: fc61f7bc2fe9e4faa3d2ba5b0df49f9cc01962abd671cbf56ce8b4bd1a1a3e67
    name: accelerate-llvm-native
    version: 1.4.0.0
    sha256: 4eed66b4214091f654b05fff8c49ae4d48a2e0e13b8ecaaa7cfe16233346423d
    pantry-tree:
      size: 4689
      sha256: bb4b6896be5e3a68d407b40cf34aa6575d8b42a54aee1417319be266bd7f8a92
  original:
    subdir: accelerate-llvm-native
    url: https://github.com/AccelerateHS/accelerate-llvm/archive/0f92cd6ad324f87378bffbb9b74bbd0722cee417.zip
- completed:
    size: 438090
    subdir: accelerate-llvm-ptx
    url: https://github.com/AccelerateHS/accelerate-llvm/archive/0f92cd6ad324f87378bffbb9b74bbd0722cee417.zip
    cabal-file:
      size: 6642
      sha256: dd4e7da00153a5ecd6fa7f9796614ae5c0bb4a034af6944552ac08b1175a3a29
    name: accelerate-llvm-ptx
    version: 1.4.0.0
    sha256: 4eed66b4214091f654b05fff8c49ae4d48a2e0e13b8ecaaa7cfe16233346423d
    pantry-tree:
      size: 4771
      sha256: 7f310ada3e90f71cf057f1c58b3b8f9261f78deb27e4c44ced2296bd7f9a2d1a
  original:
    subdir: accelerate-llvm-ptx
    url: https://github.com/AccelerateHS/accelerate-llvm/archive/0f92cd6ad324f87378bffbb9b74bbd0722cee417.zip
snapshots:
- completed:
    size: 524155
    url: https://raw.githubusercontent.com/commercialhaskell/stackage-snapshots/master/lts/14/19.yaml
    sha256: 9f79f6494473c9b46911364b94c4b5ef19ca8d35ebf62e46697cf651f198ee19
  original: lts-14.19
